PODS:
  - MadSqlite (0.2.3)
  - MadSqliteSwift (0.2.3):
    - MadSqlite (= 0.2.3)

DEPENDENCIES:
  - MadSqliteSwift (from `../`)

EXTERNAL SOURCES:
  MadSqliteSwift:
    :path: "../"

SPEC CHECKSUMS:
  MadSqlite: 8407ed0f73ed9bfb2c05f07d5ecf08793a1e1c35
  MadSqliteSwift: 4a36e303f055263563d69328318032ea371aab31

PODFILE CHECKSUM: d9d48336032afd498250202ff93b65177d54824b

COCOAPODS: 1.2.0
