PODS:
  - MadSqlite (0.1.1)

DEPENDENCIES:
  - MadSqlite (from `https://github.com/manimaul/madsqlite-ios-objc.git`, tag `0.1.1`)

EXTERNAL SOURCES:
  MadSqlite:
    :git: https://github.com/manimaul/madsqlite-ios-objc.git
    :submodules: true
    :tag: 0.1.1

CHECKOUT OPTIONS:
  MadSqlite:
    :git: https://github.com/manimaul/madsqlite-ios-objc.git
    :submodules: true
    :tag: 0.1.1

SPEC CHECKSUMS:
  MadSqlite: f08e1e6cb33617ffc5d192b59f05a818997daa07

PODFILE CHECKSUM: 369e570914b5da72474cf4d8ac052eef0883ec04

COCOAPODS: 1.1.1
