PODS:
  - MadSqlite (0.2.1)

DEPENDENCIES:
  - MadSqlite (from `https://github.com/manimaul/madsqlite-ios-objc.git`, tag `0.2.1`)

EXTERNAL SOURCES:
  MadSqlite:
    :git: https://github.com/manimaul/madsqlite-ios-objc.git
    :submodules: true
    :tag: 0.2.1

CHECKOUT OPTIONS:
  MadSqlite:
    :git: https://github.com/manimaul/madsqlite-ios-objc.git
    :submodules: true
    :tag: 0.2.1

SPEC CHECKSUMS:
  MadSqlite: 139539dd004318d16e418e6632fd3f8b150315fd

PODFILE CHECKSUM: 115ff709fe65fe69f0e9b337212fc10a939a5f37

COCOAPODS: 1.1.1
